
Microsoft Visual Studio Solution File, Format Version 12.00
# Visual Studio 15
VisualStudioVersion = 15.0.28307.489
MinimumVisualStudioVersion = 10.0.40219.1
Project("{8BC9CEB8-8B4A-11D0-8D11-00A0C91BC942}") = "1052_Seminar5", "1052_Seminar5\1052_Seminar5.vcxproj", "{B5029B92-1E14-44B6-B450-9EB36423CD60}"
EndProject
Global
	GlobalSection(SolutionConfigurationPlatforms) = preSolution
		Debug|x64 = Debug|x64
		Debug|x86 = Debug|x86
		Release|x64 = Release|x64
		Release|x86 = Release|x86
	EndGlobalSection
	GlobalSection(ProjectConfigurationPlatforms) = postSolution
		{B5029B92-1E14-44B6-B450-9EB36423CD60}.Debug|x64.ActiveCfg = Debug|x64
		{B5029B92-1E14-44B6-B450-9EB36423CD60}.Debug|x64.Build.0 = Debug|x64
		{B5029B92-1E14-44B6-B450-9EB36423CD60}.Debug|x86.ActiveCfg = Debug|Win32
		{B5029B92-1E14-44B6-B450-9EB36423CD60}.Debug|x86.Build.0 = Debug|Win32
		{B5029B92-1E14-44B6-B450-9EB36423CD60}.Release|x64.ActiveCfg = Release|x64
		{B5029B92-1E14-44B6-B450-9EB36423CD60}.Release|x64.Build.0 = Release|x64
		{B5029B92-1E14-44B6-B450-9EB36423CD60}.Release|x86.ActiveCfg = Release|Win32
		{B5029B92-1E14-44B6-B450-9EB36423CD60}.Release|x86.Build.0 = Release|Win32
	EndGlobalSection
	GlobalSection(SolutionProperties) = preSolution
		HideSolutionNode = FALSE
	EndGlobalSection
	GlobalSection(ExtensibilityGlobals) = postSolution
		SolutionGuid = {05FA947F-1ACB-4CBF-8F0A-9402EE74B1D8}
	EndGlobalSection
EndGlobal
